{
  "name": "@camperaid/watest/e2e/loader",
  "version": "0.0.1",
  "lockfileVersion": 2,
  "requires": true,
  "packages": {
    "": {
      "name": "@camperaid/watest/e2e/loader",
      "version": "0.0.1",
      "devDependencies": {
        "watest": "file:../../../../"
      },
      "engines": {
        "node": ">=14.15.1"
      }
    },
    "../../../..": {
      "name": "@camperaid/watest",
      "version": "2.4.7",
      "dev": true,
      "license": "MPL",
      "dependencies": {
        "selenium-webdriver": "^4.23.0"
      },
      "bin": {
        "watest": "bin/watest.js"
      },
      "devDependencies": {
        "dotenv": "^16.0.1",
        "eslint": "^8.22.0",
        "eslint-plugin-node": "^11.1.0",
        "husky": "^8.0.1",
        "lint-staged": "^13.0.3",
        "prettier": "^2.7.1",
        "prettifier": "^0.4.0"
      },
      "engines": {
        "node": ">=20.16.0"
      }
    },
    "node_modules/watest": {
      "resolved": "../../../..",
      "link": true
    }
  },
  "dependencies": {
    "watest": {
      "version": "file:../../../..",
      "requires": {
        "dotenv": "^16.0.1",
        "eslint": "^8.22.0",
        "eslint-plugin-node": "^11.1.0",
        "husky": "^8.0.1",
        "lint-staged": "^13.0.3",
        "prettier": "^2.7.1",
        "prettifier": "^0.4.0",
        "selenium-webdriver": "^4.23.0"
      }
    }
  }
}
